// !$*UTF8*$!
{
	archiveVersion = 1;
	classes = {
	};
	objectVersion = 50;
	objects = {

/* Begin PBXBuildFile section */
		D44BE8BE2640029F00183B67 /* SettingsViewController.storyboard in Resources */ = {isa = PBXBuildFile; fileRef = D44BE8BD2640029F00183B67 /* SettingsViewController.storyboard */; };
		D44BE8C0264002F600183B67 /* SettingsViewController.swift in Sources */ = {isa = PBXBuildFile; fileRef = D44BE8BF264002F600183B67 /* SettingsViewController.swift */; };
		D49274EE263F2DCD002CFD50 /* PermanentMarker-Regular.ttf in Resources */ = {isa = PBXBuildFile; fileRef = D49274ED263F2DCD002CFD50 /* PermanentMarker-Regular.ttf */; };
		D49274F0263F2E64002CFD50 /* Courgette-Regular.ttf in Resources */ = {isa = PBXBuildFile; fileRef = D49274EF263F2E63002CFD50 /* Courgette-Regular.ttf */; };
		D49BE79C262D928100D2710F /* GameViewController.swift in Sources */ = {isa = PBXBuildFile; fileRef = D49BE79B262D928100D2710F /* GameViewController.swift */; };
		D49BE79F262D929B00D2710F /* GameViewController.storyboard in Resources */ = {isa = PBXBuildFile; fileRef = D49BE79E262D929B00D2710F /* GameViewController.storyboard */; };
		D4A58B7F263AE23F0080F0A0 /* UIView+UIUtilities.swift in Sources */ = {isa = PBXBuildFile; fileRef = D4A58B7E263AE23F0080F0A0 /* UIView+UIUtilities.swift */; };
		D4A58B81263AE4860080F0A0 /* UIColor+Hex.swift in Sources */ = {isa = PBXBuildFile; fileRef = D4A58B80263AE4860080F0A0 /* UIColor+Hex.swift */; };
		D4A58B83263AE8B00080F0A0 /* UIViewController+StoryboardInit.swift in Sources */ = {isa = PBXBuildFile; fileRef = D4A58B82263AE8B00080F0A0 /* UIViewController+StoryboardInit.swift */; };
		D4A58B85263AEC920080F0A0 /* UIViewController+UIAlertVC.swift in Sources */ = {isa = PBXBuildFile; fileRef = D4A58B84263AEC920080F0A0 /* UIViewController+UIAlertVC.swift */; };
		D4E76C142608D4BA00605213 /* AppDelegate.swift in Sources */ = {isa = PBXBuildFile; fileRef = D4E76C132608D4BA00605213 /* AppDelegate.swift */; };
		D4E76C162608D4BA00605213 /* SceneDelegate.swift in Sources */ = {isa = PBXBuildFile; fileRef = D4E76C152608D4BA00605213 /* SceneDelegate.swift */; };
		D4E76C182608D4BA00605213 /* StartScreenViewController.swift in Sources */ = {isa = PBXBuildFile; fileRef = D4E76C172608D4BA00605213 /* StartScreenViewController.swift */; };
		D4E76C1B2608D4BA00605213 /* StartScreenViewController.storyboard in Resources */ = {isa = PBXBuildFile; fileRef = D4E76C192608D4BA00605213 /* StartScreenViewController.storyboard */; };
		D4E76C1D2608D4BB00605213 /* Assets.xcassets in Resources */ = {isa = PBXBuildFile; fileRef = D4E76C1C2608D4BB00605213 /* Assets.xcassets */; };
		D4E76C202608D4BB00605213 /* LaunchScreen.storyboard in Resources */ = {isa = PBXBuildFile; fileRef = D4E76C1E2608D4BB00605213 /* LaunchScreen.storyboard */; };
/* End PBXBuildFile section */

/* Begin PBXFileReference section */
		D44BE8BD2640029F00183B67 /* SettingsViewController.storyboard */ = {isa = PBXFileReference; fileEncoding = 4; lastKnownFileType = file.storyboard; path = SettingsViewController.storyboard; sourceTree = "<group>"; };
		D44BE8BF264002F600183B67 /* SettingsViewController.swift */ = {isa = PBXFileReference; fileEncoding = 4; lastKnownFileType = sourcecode.swift; path = SettingsViewController.swift; sourceTree = "<group>"; };
		D49274ED263F2DCD002CFD50 /* PermanentMarker-Regular.ttf */ = {isa = PBXFileReference; lastKnownFileType = file; path = "PermanentMarker-Regular.ttf"; sourceTree = "<group>"; };
		D49274EF263F2E63002CFD50 /* Courgette-Regular.ttf */ = {isa = PBXFileReference; lastKnownFileType = file; path = "Courgette-Regular.ttf"; sourceTree = "<group>"; };
		D49BE79B262D928100D2710F /* GameViewController.swift */ = {isa = PBXFileReference; lastKnownFileType = sourcecode.swift; path = GameViewController.swift; sourceTree = "<group>"; };
		D49BE79E262D929B00D2710F /* GameViewController.storyboard */ = {isa = PBXFileReference; lastKnownFileType = file.storyboard; path = GameViewController.storyboard; sourceTree = "<group>"; };
		D4A58B7E263AE23F0080F0A0 /* UIView+UIUtilities.swift */ = {isa = PBXFileReference; lastKnownFileType = sourcecode.swift; path = "UIView+UIUtilities.swift"; sourceTree = "<group>"; };
		D4A58B80263AE4860080F0A0 /* UIColor+Hex.swift */ = {isa = PBXFileReference; lastKnownFileType = sourcecode.swift; path = "UIColor+Hex.swift"; sourceTree = "<group>"; };
		D4A58B82263AE8B00080F0A0 /* UIViewController+StoryboardInit.swift */ = {isa = PBXFileReference; lastKnownFileType = sourcecode.swift; path = "UIViewController+StoryboardInit.swift"; sourceTree = "<group>"; };
		D4A58B84263AEC920080F0A0 /* UIViewController+UIAlertVC.swift */ = {isa = PBXFileReference; lastKnownFileType = sourcecode.swift; path = "UIViewController+UIAlertVC.swift"; sourceTree = "<group>"; };
		D4E76C102608D4BA00605213 /* Racing.app */ = {isa = PBXFileReference; explicitFileType = wrapper.application; includeInIndex = 0; path = Racing.app; sourceTree = BUILT_PRODUCTS_DIR; };
		D4E76C132608D4BA00605213 /* AppDelegate.swift */ = {isa = PBXFileReference; lastKnownFileType = sourcecode.swift; path = AppDelegate.swift; sourceTree = "<group>"; };
		D4E76C152608D4BA00605213 /* SceneDelegate.swift */ = {isa = PBXFileReference; lastKnownFileType = sourcecode.swift; path = SceneDelegate.swift; sourceTree = "<group>"; };
		D4E76C172608D4BA00605213 /* StartScreenViewController.swift */ = {isa = PBXFileReference; lastKnownFileType = sourcecode.swift; path = StartScreenViewController.swift; sourceTree = "<group>"; };
		D4E76C1A2608D4BA00605213 /* Base */ = {isa = PBXFileReference; lastKnownFileType = file.storyboard; name = Base; path = Base.lproj/StartScreenViewController.storyboard; sourceTree = "<group>"; };
		D4E76C1C2608D4BB00605213 /* Assets.xcassets */ = {isa = PBXFileReference; lastKnownFileType = folder.assetcatalog; path = Assets.xcassets; sourceTree = "<group>"; };
		D4E76C1F2608D4BB00605213 /* Base */ = {isa = PBXFileReference; lastKnownFileType = file.storyboard; name = Base; path = Base.lproj/LaunchScreen.storyboard; sourceTree = "<group>"; };
		D4E76C212608D4BB00605213 /* Info.plist */ = {isa = PBXFileReference; lastKnownFileType = text.plist.xml; path = Info.plist; sourceTree = "<group>"; };
/* End PBXFileReference section */

/* Begin PBXFrameworksBuildPhase section */
		D4E76C0D2608D4BA00605213 /* Frameworks */ = {
			isa = PBXFrameworksBuildPhase;
			buildActionMask = 2147483647;
			files = (
			);
			runOnlyForDeploymentPostprocessing = 0;
		};
/* End PBXFrameworksBuildPhase section */

/* Begin PBXGroup section */
		D49274EC263F2D68002CFD50 /* Resources */ = {
			isa = PBXGroup;
			children = (
				D49274ED263F2DCD002CFD50 /* PermanentMarker-Regular.ttf */,
				D49274EF263F2E63002CFD50 /* Courgette-Regular.ttf */,
				D4E76C1C2608D4BB00605213 /* Assets.xcassets */,
			);
			path = Resources;
			sourceTree = "<group>";
		};
		D4A58B7B263ADDED0080F0A0 /* ViewControllers */ = {
			isa = PBXGroup;
			children = (
				D49BE79B262D928100D2710F /* GameViewController.swift */,
				D44BE8BF264002F600183B67 /* SettingsViewController.swift */,
				D4E76C172608D4BA00605213 /* StartScreenViewController.swift */,
			);
			path = ViewControllers;
			sourceTree = "<group>";
		};
		D4A58B7C263ADE280080F0A0 /* Storyboards */ = {
			isa = PBXGroup;
			children = (
				D49BE79E262D929B00D2710F /* GameViewController.storyboard */,
				D44BE8BD2640029F00183B67 /* SettingsViewController.storyboard */,
				D4E76C192608D4BA00605213 /* StartScreenViewController.storyboard */,
			);
			path = Storyboards;
			sourceTree = "<group>";
		};
		D4A58B7D263ADE5B0080F0A0 /* Extensions */ = {
			isa = PBXGroup;
			children = (
				D4A58B7E263AE23F0080F0A0 /* UIView+UIUtilities.swift */,
				D4A58B80263AE4860080F0A0 /* UIColor+Hex.swift */,
				D4A58B84263AEC920080F0A0 /* UIViewController+UIAlertVC.swift */,
				D4A58B82263AE8B00080F0A0 /* UIViewController+StoryboardInit.swift */,
			);
			path = Extensions;
			sourceTree = "<group>";
		};
		D4E76C072608D4BA00605213 = {
			isa = PBXGroup;
			children = (
				D4E76C122608D4BA00605213 /* Racing */,
				D4E76C112608D4BA00605213 /* Products */,
			);
			sourceTree = "<group>";
		};
		D4E76C112608D4BA00605213 /* Products */ = {
			isa = PBXGroup;
			children = (
				D4E76C102608D4BA00605213 /* Racing.app */,
			);
			name = Products;
			sourceTree = "<group>";
		};
		D4E76C122608D4BA00605213 /* Racing */ = {
			isa = PBXGroup;
			children = (
				D49274EC263F2D68002CFD50 /* Resources */,
				D4A58B7D263ADE5B0080F0A0 /* Extensions */,
				D4A58B7C263ADE280080F0A0 /* Storyboards */,
				D4A58B7B263ADDED0080F0A0 /* ViewControllers */,
				D4E76C132608D4BA00605213 /* AppDelegate.swift */,
				D4E76C152608D4BA00605213 /* SceneDelegate.swift */,
				D4E76C1E2608D4BB00605213 /* LaunchScreen.storyboard */,
				D4E76C212608D4BB00605213 /* Info.plist */,
			);
			path = Racing;
			sourceTree = "<group>";
		};
/* End PBXGroup section */

/* Begin PBXNativeTarget section */
		D4E76C0F2608D4BA00605213 /* Racing */ = {
			isa = PBXNativeTarget;
			buildConfigurationList = D4E76C242608D4BB00605213 /* Build configuration list for PBXNativeTarget "Racing" */;
			buildPhases = (
				D4E76C0C2608D4BA00605213 /* Sources */,
				D4E76C0D2608D4BA00605213 /* Frameworks */,
				D4E76C0E2608D4BA00605213 /* Resources */,
				D49BE799262D8FF300D2710F /* ShellScript */,
			);
			buildRules = (
			);
			dependencies = (
			);
			name = Racing;
			productName = Racing;
			productReference = D4E76C102608D4BA00605213 /* Racing.app */;
			productType = "com.apple.product-type.application";
		};
/* End PBXNativeTarget section */

/* Begin PBXProject section */
		D4E76C082608D4BA00605213 /* Project object */ = {
			isa = PBXProject;
			attributes = {
				LastSwiftUpdateCheck = 1240;
				LastUpgradeCheck = 1240;
				TargetAttributes = {
					D4E76C0F2608D4BA00605213 = {
						CreatedOnToolsVersion = 12.4;
					};
				};
			};
			buildConfigurationList = D4E76C0B2608D4BA00605213 /* Build configuration list for PBXProject "Racing" */;
			compatibilityVersion = "Xcode 9.3";
			developmentRegion = en;
			hasScannedForEncodings = 0;
			knownRegions = (
				en,
				Base,
			);
			mainGroup = D4E76C072608D4BA00605213;
			productRefGroup = D4E76C112608D4BA00605213 /* Products */;
			projectDirPath = "";
			projectRoot = "";
			targets = (
				D4E76C0F2608D4BA00605213 /* Racing */,
			);
		};
/* End PBXProject section */

/* Begin PBXResourcesBuildPhase section */
		D4E76C0E2608D4BA00605213 /* Resources */ = {
			isa = PBXResourcesBuildPhase;
			buildActionMask = 2147483647;
			files = (
				D44BE8BE2640029F00183B67 /* SettingsViewController.storyboard in Resources */,
				D49274F0263F2E64002CFD50 /* Courgette-Regular.ttf in Resources */,
				D49BE79F262D929B00D2710F /* GameViewController.storyboard in Resources */,
				D4E76C202608D4BB00605213 /* LaunchScreen.storyboard in Resources */,
				D4E76C1D2608D4BB00605213 /* Assets.xcassets in Resources */,
				D49274EE263F2DCD002CFD50 /* PermanentMarker-Regular.ttf in Resources */,
				D4E76C1B2608D4BA00605213 /* StartScreenViewController.storyboard in Resources */,
			);
			runOnlyForDeploymentPostprocessing = 0;
		};
/* End PBXResourcesBuildPhase section */

/* Begin PBXShellScriptBuildPhase section */
		D49BE799262D8FF300D2710F /* ShellScript */ = {
			isa = PBXShellScriptBuildPhase;
			buildActionMask = 2147483647;
			files = (
			);
			inputFileListPaths = (
			);
			inputPaths = (
			);
			outputFileListPaths = (
			);
			outputPaths = (
			);
			runOnlyForDeploymentPostprocessing = 0;
			shellPath = /bin/sh;
			shellScript = "if which swiftlint >/dev/null; then\n  swiftlint\nelse\n  echo \"warning: SwiftLint not installed, download from https://github.com/realm/SwiftLint\"\nfi\n";
		};
/* End PBXShellScriptBuildPhase section */

/* Begin PBXSourcesBuildPhase section */
		D4E76C0C2608D4BA00605213 /* Sources */ = {
			isa = PBXSourcesBuildPhase;
			buildActionMask = 2147483647;
			files = (
				D49BE79C262D928100D2710F /* GameViewController.swift in Sources */,
				D4E76C182608D4BA00605213 /* StartScreenViewController.swift in Sources */,
				D4A58B7F263AE23F0080F0A0 /* UIView+UIUtilities.swift in Sources */,
				D4A58B81263AE4860080F0A0 /* UIColor+Hex.swift in Sources */,
				D4A58B85263AEC920080F0A0 /* UIViewController+UIAlertVC.swift in Sources */,
				D4A58B83263AE8B00080F0A0 /* UIViewController+StoryboardInit.swift in Sources */,
				D4E76C142608D4BA00605213 /* AppDelegate.swift in Sources */,
				D4E76C162608D4BA00605213 /* SceneDelegate.swift in Sources */,
				D44BE8C0264002F600183B67 /* SettingsViewController.swift in Sources */,
			);
			runOnlyForDeploymentPostprocessing = 0;
		};
/* End PBXSourcesBuildPhase section */

/* Begin PBXVariantGroup section */
		D4E76C192608D4BA00605213 /* StartScreenViewController.storyboard */ = {
			isa = PBXVariantGroup;
			children = (
				D4E76C1A2608D4BA00605213 /* Base */,
			);
			name = StartScreenViewController.storyboard;
			sourceTree = "<group>";
		};
		D4E76C1E2608D4BB00605213 /* LaunchScreen.storyboard */ = {
			isa = PBXVariantGroup;
			children = (
				D4E76C1F2608D4BB00605213 /* Base */,
			);
			name = LaunchScreen.storyboard;
			sourceTree = "<group>";
		};
/* End PBXVariantGroup section */

/* Begin XCBuildConfiguration section */
		D4E76C222608D4BB00605213 /* Debug */ = {
			isa = XCBuildConfiguration;
			buildSettings = {
				ALWAYS_SEARCH_USER_PATHS = NO;
				CLANG_ANALYZER_NONNULL = YES;
				CLANG_ANALYZER_NUMBER_OBJECT_CONVERSION = YES_AGGRESSIVE;
				CLANG_CXX_LANGUAGE_STANDARD = "gnu++14";
				CLANG_CXX_LIBRARY = "libc++";
				CLANG_ENABLE_MODULES = YES;
				CLANG_ENABLE_OBJC_ARC = YES;
				CLANG_ENABLE_OBJC_WEAK = YES;
				CLANG_WARN_BLOCK_CAPTURE_AUTORELEASING = YES;
				CLANG_WARN_BOOL_CONVERSION = YES;
				CLANG_WARN_COMMA = YES;
				CLANG_WARN_CONSTANT_CONVERSION = YES;
				CLANG_WARN_DEPRECATED_OBJC_IMPLEMENTATIONS = YES;
				CLANG_WARN_DIRECT_OBJC_ISA_USAGE = YES_ERROR;
				CLANG_WARN_DOCUMENTATION_COMMENTS = YES;
				CLANG_WARN_EMPTY_BODY = YES;
				CLANG_WARN_ENUM_CONVERSION = YES;
				CLANG_WARN_INFINITE_RECURSION = YES;
				CLANG_WARN_INT_CONVERSION = YES;
				CLANG_WARN_NON_LITERAL_NULL_CONVERSION = YES;
				CLANG_WARN_OBJC_IMPLICIT_RETAIN_SELF = YES;
				CLANG_WARN_OBJC_LITERAL_CONVERSION = YES;
				CLANG_WARN_OBJC_ROOT_CLASS = YES_ERROR;
				CLANG_WARN_QUOTED_INCLUDE_IN_FRAMEWORK_HEADER = YES;
				CLANG_WARN_RANGE_LOOP_ANALYSIS = YES;
				CLANG_WARN_STRICT_PROTOTYPES = YES;
				CLANG_WARN_SUSPICIOUS_MOVE = YES;
				CLANG_WARN_UNGUARDED_AVAILABILITY = YES_AGGRESSIVE;
				CLANG_WARN_UNREACHABLE_CODE = YES;
				CLANG_WARN__DUPLICATE_METHOD_MATCH = YES;
				COPY_PHASE_STRIP = NO;
				DEBUG_INFORMATION_FORMAT = dwarf;
				ENABLE_STRICT_OBJC_MSGSEND = YES;
				ENABLE_TESTABILITY = YES;
				GCC_C_LANGUAGE_STANDARD = gnu11;
				GCC_DYNAMIC_NO_PIC = NO;
				GCC_NO_COMMON_BLOCKS = YES;
				GCC_OPTIMIZATION_LEVEL = 0;
				GCC_PREPROCESSOR_DEFINITIONS = (
					"DEBUG=1",
					"$(inherited)",
				);
				GCC_WARN_64_TO_32_BIT_CONVERSION = YES;
				GCC_WARN_ABOUT_RETURN_TYPE = YES_ERROR;
				GCC_WARN_UNDECLARED_SELECTOR = YES;
				GCC_WARN_UNINITIALIZED_AUTOS = YES_AGGRESSIVE;
				GCC_WARN_UNUSED_FUNCTION = YES;
				GCC_WARN_UNUSED_VARIABLE = YES;
				IPHONEOS_DEPLOYMENT_TARGET = 14.4;
				MTL_ENABLE_DEBUG_INFO = INCLUDE_SOURCE;
				MTL_FAST_MATH = YES;
				ONLY_ACTIVE_ARCH = YES;
				SDKROOT = iphoneos;
				SWIFT_ACTIVE_COMPILATION_CONDITIONS = DEBUG;
				SWIFT_OPTIMIZATION_LEVEL = "-Onone";
			};
			name = Debug;
		};
		D4E76C232608D4BB00605213 /* Release */ = {
			isa = XCBuildConfiguration;
			buildSettings = {
				ALWAYS_SEARCH_USER_PATHS = NO;
				CLANG_ANALYZER_NONNULL = YES;
				CLANG_ANALYZER_NUMBER_OBJECT_CONVERSION = YES_AGGRESSIVE;
				CLANG_CXX_LANGUAGE_STANDARD = "gnu++14";
				CLANG_CXX_LIBRARY = "libc++";
				CLANG_ENABLE_MODULES = YES;
				CLANG_ENABLE_OBJC_ARC = YES;
				CLANG_ENABLE_OBJC_WEAK = YES;
				CLANG_WARN_BLOCK_CAPTURE_AUTORELEASING = YES;
				CLANG_WARN_BOOL_CONVERSION = YES;
				CLANG_WARN_COMMA = YES;
				CLANG_WARN_CONSTANT_CONVERSION = YES;
				CLANG_WARN_DEPRECATED_OBJC_IMPLEMENTATIONS = YES;
				CLANG_WARN_DIRECT_OBJC_ISA_USAGE = YES_ERROR;
				CLANG_WARN_DOCUMENTATION_COMMENTS = YES;
				CLANG_WARN_EMPTY_BODY = YES;
				CLANG_WARN_ENUM_CONVERSION = YES;
				CLANG_WARN_INFINITE_RECURSION = YES;
				CLANG_WARN_INT_CONVERSION = YES;
				CLANG_WARN_NON_LITERAL_NULL_CONVERSION = YES;
				CLANG_WARN_OBJC_IMPLICIT_RETAIN_SELF = YES;
				CLANG_WARN_OBJC_LITERAL_CONVERSION = YES;
				CLANG_WARN_OBJC_ROOT_CLASS = YES_ERROR;
				CLANG_WARN_QUOTED_INCLUDE_IN_FRAMEWORK_HEADER = YES;
				CLANG_WARN_RANGE_LOOP_ANALYSIS = YES;
				CLANG_WARN_STRICT_PROTOTYPES = YES;
				CLANG_WARN_SUSPICIOUS_MOVE = YES;
				CLANG_WARN_UNGUARDED_AVAILABILITY = YES_AGGRESSIVE;
				CLANG_WARN_UNREACHABLE_CODE = YES;
				CLANG_WARN__DUPLICATE_METHOD_MATCH = YES;
				COPY_PHASE_STRIP = NO;
				DEBUG_INFORMATION_FORMAT = "dwarf-with-dsym";
				ENABLE_NS_ASSERTIONS = NO;
				ENABLE_STRICT_OBJC_MSGSEND = YES;
				GCC_C_LANGUAGE_STANDARD = gnu11;
				GCC_NO_COMMON_BLOCKS = YES;
				GCC_WARN_64_TO_32_BIT_CONVERSION = YES;
				GCC_WARN_ABOUT_RETURN_TYPE = YES_ERROR;
				GCC_WARN_UNDECLARED_SELECTOR = YES;
				GCC_WARN_UNINITIALIZED_AUTOS = YES_AGGRESSIVE;
				GCC_WARN_UNUSED_FUNCTION = YES;
				GCC_WARN_UNUSED_VARIABLE = YES;
				IPHONEOS_DEPLOYMENT_TARGET = 14.4;
				MTL_ENABLE_DEBUG_INFO = NO;
				MTL_FAST_MATH = YES;
				SDKROOT = iphoneos;
				SWIFT_COMPILATION_MODE = wholemodule;
				SWIFT_OPTIMIZATION_LEVEL = "-O";
				VALIDATE_PRODUCT = YES;
			};
			name = Release;
		};
		D4E76C252608D4BB00605213 /* Debug */ = {
			isa = XCBuildConfiguration;
			buildSettings = {
				ASSETCATALOG_COMPILER_APPICON_NAME = AppIcon;
				ASSETCATALOG_COMPILER_GLOBAL_ACCENT_COLOR_NAME = AccentColor;
				CODE_SIGN_STYLE = Automatic;
				DEVELOPMENT_TEAM = U8UWB3WQCD;
				INFOPLIST_FILE = Racing/Info.plist;
				LD_RUNPATH_SEARCH_PATHS = (
					"$(inherited)",
					"@executable_path/Frameworks",
				);
				PRODUCT_BUNDLE_IDENTIFIER = by.paulshark.Racing;
				PRODUCT_NAME = "$(TARGET_NAME)";
				SWIFT_VERSION = 5.0;
				TARGETED_DEVICE_FAMILY = "1,2";
			};
			name = Debug;
		};
		D4E76C262608D4BB00605213 /* Release */ = {
			isa = XCBuildConfiguration;
			buildSettings = {
				ASSETCATALOG_COMPILER_APPICON_NAME = AppIcon;
				ASSETCATALOG_COMPILER_GLOBAL_ACCENT_COLOR_NAME = AccentColor;
				CODE_SIGN_STYLE = Automatic;
				DEVELOPMENT_TEAM = U8UWB3WQCD;
				INFOPLIST_FILE = Racing/Info.plist;
				LD_RUNPATH_SEARCH_PATHS = (
					"$(inherited)",
					"@executable_path/Frameworks",
				);
				PRODUCT_BUNDLE_IDENTIFIER = by.paulshark.Racing;
				PRODUCT_NAME = "$(TARGET_NAME)";
				SWIFT_VERSION = 5.0;
				TARGETED_DEVICE_FAMILY = "1,2";
			};
			name = Release;
		};
/* End XCBuildConfiguration section */

/* Begin XCConfigurationList section */
		D4E76C0B2608D4BA00605213 /* Build configuration list for PBXProject "Racing" */ = {
			isa = XCConfigurationList;
			buildConfigurations = (
				D4E76C222608D4BB00605213 /* Debug */,
				D4E76C232608D4BB00605213 /* Release */,
			);
			defaultConfigurationIsVisible = 0;
			defaultConfigurationName = Release;
		};
		D4E76C242608D4BB00605213 /* Build configuration list for PBXNativeTarget "Racing" */ = {
			isa = XCConfigurationList;
			buildConfigurations = (
				D4E76C252608D4BB00605213 /* Debug */,
				D4E76C262608D4BB00605213 /* Release */,
			);
			defaultConfigurationIsVisible = 0;
			defaultConfigurationName = Release;
		};
/* End XCConfigurationList section */
	};
	rootObject = D4E76C082608D4BA00605213 /* Project object */;
}
